
Microsoft Visual Studio Solution File, Format Version 12.00
# Visual Studio Version 16
VisualStudioVersion = 16.0.33214.272
MinimumVisualStudioVersion = 10.0.40219.1
Project("{FAE04EC0-301F-11D3-BF4B-00C04F79EFBC}") = "BlogPessoal.Web", "BlogPessoal.Web\BlogPessoal.Web.csproj", "{17E9B987-E290-4481-9020-307C1016CA3D}"
EndProject
Project("{FAE04EC0-301F-11D3-BF4B-00C04F79EFBC}") = "BlogPessoal.Tests", "BlogPessoal.Tests\BlogPessoal.Tests.csproj", "{ACC17F7D-DFA6-4871-963A-E666FF2E0646}"
EndProject
Global
	GlobalSection(SolutionConfigurationPlatforms) = preSolution
		Debug|Any CPU = Debug|Any CPU
		Release|Any CPU = Release|Any CPU
	EndGlobalSection
	GlobalSection(ProjectConfigurationPlatforms) = postSolution
		{17E9B987-E290-4481-9020-307C1016CA3D}.Debug|Any CPU.ActiveCfg = Debug|Any CPU
		{17E9B987-E290-4481-9020-307C1016CA3D}.Debug|Any CPU.Build.0 = Debug|Any CPU
		{17E9B987-E290-4481-9020-307C1016CA3D}.Release|Any CPU.ActiveCfg = Release|Any CPU
		{17E9B987-E290-4481-9020-307C1016CA3D}.Release|Any CPU.Build.0 = Release|Any CPU
		{ACC17F7D-DFA6-4871-963A-E666FF2E0646}.Debug|Any CPU.ActiveCfg = Debug|Any CPU
		{ACC17F7D-DFA6-4871-963A-E666FF2E0646}.Debug|Any CPU.Build.0 = Debug|Any CPU
		{ACC17F7D-DFA6-4871-963A-E666FF2E0646}.Release|Any CPU.ActiveCfg = Release|Any CPU
		{ACC17F7D-DFA6-4871-963A-E666FF2E0646}.Release|Any CPU.Build.0 = Release|Any CPU
	EndGlobalSection
	GlobalSection(SolutionProperties) = preSolution
		HideSolutionNode = FALSE
	EndGlobalSection
	GlobalSection(ExtensibilityGlobals) = postSolution
		SolutionGuid = {7CAB9339-C97C-475E-937A-4ABB5382207B}
	EndGlobalSection
EndGlobal
